# THIS IS AN AUTOGENERATED FILE. DO NOT EDIT THIS FILE DIRECTLY.
# yarn lockfile v1


eventemitter3@^3.1.0:
  version "3.1.0"
  resolved "https://registry.yarnpkg.com/eventemitter3/-/eventemitter3-3.1.0.tgz#090b4d6cdbd645ed10bf750d4b5407942d7ba163"
  integrity sha512-ivIvhpq/Y0uSjcHDcOIccjmYjGLcP09MFGE7ysAwkAvkXfpZlC985pH2/ui64DKazbTW/4kN3yqozUxlXzI6cA==

phaser@^3.15.1:
  version "3.15.1"
  resolved "https://registry.yarnpkg.com/phaser/-/phaser-3.15.1.tgz#17d41fb5b310fb062952e29d9bb26a99c90d3a44"
  integrity sha512-K2IaBziSW6OFyIkIFyJgBSi+kL1yip3gbL6TBsjzesJqLxP3o5+NwfPf6fqrQ4yxBYbbuKP2da5lsh5LFw7jXA==
  dependencies:
    eventemitter3 "^3.1.0"

yarn@^1.13.0:
  version "1.13.0"
  resolved "https://registry.yarnpkg.com/yarn/-/yarn-1.13.0.tgz#affa9c956739548024068532a902cf18c9cb523f"
  integrity sha512-Unfw2eefv8imt4ZMPhvFVP44WCz38huDxkHs+Yqrx4wBTK75Tr0mh3V4rh+2Nw5iQq0rcM/VafotCZo9qTb5DA==
